<Solution>
  <Configurations>
    <Platform Name="Any CPU" />
  </Configurations>
  <Project Path="Code/grinding_life.csproj" />
  <Project Path="Editor/grinding_life.editor.csproj" />
  <Folder Name="/Addons/">
    <Project Path="F:/Steam/steamapps/common/sbox/addons/base/Code/Base Library.csproj" />
  </Folder>
  <Folder Name="/Libraries/">
    <Project Path="Libraries/sturnus.terraingenerationtool/Code/terraingenerationtool.csproj" />
    <Project Path="Libraries/sturnus.terraingenerationtool/Editor/terraingenerationtool.editor.csproj" />
  </Folder>
  <Folder Name="/Tools/">
    <Project Path="F:/Steam/steamapps/common/sbox/addons/tools/Code/Base Editor Library.csproj" />
    <Project Path="F:/Steam/steamapps/common/sbox/editor/ActionGraph/Code/actiongraph.csproj" />
    <Project Path="F:/Steam/steamapps/common/sbox/editor/Hammer/Code/hammer.csproj" />
    <Project Path="F:/Steam/steamapps/common/sbox/editor/MovieMaker/Code/moviemaker.csproj" />
    <Project Path="F:/Steam/steamapps/common/sbox/editor/ShaderGraph/Code/shadergraph.csproj" />
  </Folder>
</Solution>